
Microsoft Visual Studio Solution File, Format Version 12.00
# Visual Studio Version 16
VisualStudioVersion = 16.0.29905.134
MinimumVisualStudioVersion = 10.0.40219.1
Project("{FAE04EC0-301F-11D3-BF4B-00C04F79EFBC}") = "Lista Ligada", "Lista Ligada.csproj", "{EDAE5FBE-CD2A-4A5A-894F-AFA9691104F2}"
EndProject
Global
	GlobalSection(SolutionConfigurationPlatforms) = preSolution
		Debug|Any CPU = Debug|Any CPU
		Release|Any CPU = Release|Any CPU
	EndGlobalSection
	GlobalSection(ProjectConfigurationPlatforms) = postSolution
		{EDAE5FBE-CD2A-4A5A-894F-AFA9691104F2}.Debug|Any CPU.ActiveCfg = Debug|Any CPU
		{EDAE5FBE-CD2A-4A5A-894F-AFA9691104F2}.Debug|Any CPU.Build.0 = Debug|Any CPU
		{EDAE5FBE-CD2A-4A5A-894F-AFA9691104F2}.Release|Any CPU.ActiveCfg = Release|Any CPU
		{EDAE5FBE-CD2A-4A5A-894F-AFA9691104F2}.Release|Any CPU.Build.0 = Release|Any CPU
	EndGlobalSection
	GlobalSection(SolutionProperties) = preSolution
		HideSolutionNode = FALSE
	EndGlobalSection
	GlobalSection(ExtensibilityGlobals) = postSolution
		SolutionGuid = {7C73DA83-8272-4593-8F5A-31756C2A6595}
	EndGlobalSection
EndGlobal
